
Microsoft Visual Studio Solution File, Format Version 12.00
# Visual Studio Version 17
VisualStudioVersion = 17.6.33829.357
MinimumVisualStudioVersion = 10.0.40219.1
Project("{9A19103F-16F7-4668-BE54-9A1E7A4F7556}") = "1Classes", "ClassesMetodos\1Classes.csproj", "{9FF1603E-8BF3-4565-9F11-2DE192F4ED70}"
EndProject
Project("{9A19103F-16F7-4668-BE54-9A1E7A4F7556}") = "2Metodos", "2Metodos\2Metodos.csproj", "{E83A7BF8-C30E-4EEC-B1FC-488D77DEE5EE}"
EndProject
Project("{9A19103F-16F7-4668-BE54-9A1E7A4F7556}") = "3MetodosComParametros", "3MetodosComParametros\3MetodosComParametros.csproj", "{B5622C43-5AA8-4E07-8A18-966CE28710B3}"
EndProject
Project("{9A19103F-16F7-4668-BE54-9A1E7A4F7556}") = "4PassandoParametros", "4PassandoParametros\4PassandoParametros.csproj", "{8F5DD3AB-F4B3-4ACA-99E7-299BE2E34563}"
EndProject
Project("{9A19103F-16F7-4668-BE54-9A1E7A4F7556}") = "5Construtores", "5Construtor\5Construtores.csproj", "{FEB05ACB-D01D-4385-9BF6-F11174FF5236}"
EndProject
Project("{9A19103F-16F7-4668-BE54-9A1E7A4F7556}") = "6This", "6This\6This.csproj", "{ED4FE1CB-EB34-416F-996D-F33104DE0C4E}"
EndProject
Project("{9A19103F-16F7-4668-BE54-9A1E7A4F7556}") = "7MetodosComRetorno", "7MetodosComRetorno\7MetodosComRetorno.csproj", "{667CCCBF-5C1A-4E57-91B3-6054021EF006}"
EndProject
Project("{9A19103F-16F7-4668-BE54-9A1E7A4F7556}") = "8SobrecargaMetodos", "8SobrecargaMetodos\8SobrecargaMetodos.csproj", "{EDA254A0-D913-4011-85AE-7DAC3362DF75}"
EndProject
Project("{9A19103F-16F7-4668-BE54-9A1E7A4F7556}") = "9ExemploPratico", "9ExemploPratico\9ExemploPratico.csproj", "{6D070F74-4A6A-4B50-9DF3-85C22C2A97B2}"
EndProject
Project("{9A19103F-16F7-4668-BE54-9A1E7A4F7556}") = "10ArgumentosPorValor", "10ArgumentosPorValor\10ArgumentosPorValor.csproj", "{2A2D4CBD-51F5-4957-8110-71A5E5E7A788}"
EndProject
Project("{9A19103F-16F7-4668-BE54-9A1E7A4F7556}") = "11ArgumentosPorRef", "11ArgumentosPorRef\11ArgumentosPorRef.csproj", "{9172636D-3B4B-4D7E-B22D-90890DC42CC7}"
EndProject
Project("{9A19103F-16F7-4668-BE54-9A1E7A4F7556}") = "12ArgumentoPorOut", "12ArgumentoPorOut\12ArgumentoPorOut.csproj", "{43382D03-81F0-45ED-8DF2-5C5D9DB68BF2}"
EndProject
Project("{9A19103F-16F7-4668-BE54-9A1E7A4F7556}") = "13ArgumentosNomeados", "13ArgumentosNomeados\13ArgumentosNomeados.csproj", "{3D42939E-27BE-4D8F-A3C4-701B8A6462E2}"
EndProject
Project("{9A19103F-16F7-4668-BE54-9A1E7A4F7556}") = "14ParametrosOpcionais", "14ParametrosOpcionais\14ParametrosOpcionais.csproj", "{3A2E6F96-409B-4DC5-BA54-D2F94DA33EA5}"
EndProject
Project("{9A19103F-16F7-4668-BE54-9A1E7A4F7556}") = "15MetodosEstaticos", "15MetodosEstaticos\15MetodosEstaticos.csproj", "{19C64EA6-8754-4D40-BEAC-31CDB8D70B6D}"
EndProject
Project("{9A19103F-16F7-4668-BE54-9A1E7A4F7556}") = "16CamposEstaticos1", "16CamposEstaticos1\16CamposEstaticos1.csproj", "{3D64F274-0701-42A3-927E-4318AEF060D7}"
EndProject
Project("{9A19103F-16F7-4668-BE54-9A1E7A4F7556}") = "17ExPraticoCampoEstatico", "17ExPraticoCampoEstatico\17ExPraticoCampoEstatico.csproj", "{8EE4A97C-2CAF-43E7-9F77-3194F03045A6}"
EndProject
Project("{9A19103F-16F7-4668-BE54-9A1E7A4F7556}") = "18ConstrutorEstatico", "18ConstrutorEstatico\18ConstrutorEstatico.csproj", "{F11161ED-34DB-4DC4-849A-A0DE25B29B08}"
EndProject
Project("{9A19103F-16F7-4668-BE54-9A1E7A4F7556}") = "19Propriedades", "19Propriedades\19Propriedades.csproj", "{80EAA28F-35D0-4808-A75E-D4BA11610D64}"
EndProject
Project("{9A19103F-16F7-4668-BE54-9A1E7A4F7556}") = "20ExPraticoPropriedades", "20ExPraticoPropriedades\20ExPraticoPropriedades.csproj", "{3826595F-8458-4968-B761-C41BCBA4C7FB}"
EndProject
Project("{9A19103F-16F7-4668-BE54-9A1E7A4F7556}") = "21Structs", "21Structs\21Structs.csproj", "{C9F63515-C581-4744-9451-A4C86A59C3E3}"
EndProject
Project("{9A19103F-16F7-4668-BE54-9A1E7A4F7556}") = "22Enum", "22Enum\22Enum.csproj", "{05564753-B67A-405E-BED1-D65A56B72657}"
EndProject
Project("{9A19103F-16F7-4668-BE54-9A1E7A4F7556}") = "23ModAcesso", "23ModAcesso\23ModAcesso.csproj", "{39BA6BDC-BB95-494B-87D9-8BD9338D0F6D}"
EndProject
Project("{FAE04EC0-301F-11D3-BF4B-00C04F79EFBC}") = "24TryCatch", "24TryCatch\24TryCatch.csproj", "{08577C4D-C068-4266-8DD9-AD417D28BDA0}"
EndProject
Global
	GlobalSection(SolutionConfigurationPlatforms) = preSolution
		Debug|Any CPU = Debug|Any CPU
		Release|Any CPU = Release|Any CPU
	EndGlobalSection
	GlobalSection(ProjectConfigurationPlatforms) = postSolution
		{9FF1603E-8BF3-4565-9F11-2DE192F4ED70}.Debug|Any CPU.ActiveCfg = Debug|Any CPU
		{9FF1603E-8BF3-4565-9F11-2DE192F4ED70}.Debug|Any CPU.Build.0 = Debug|Any CPU
		{9FF1603E-8BF3-4565-9F11-2DE192F4ED70}.Release|Any CPU.ActiveCfg = Release|Any CPU
		{9FF1603E-8BF3-4565-9F11-2DE192F4ED70}.Release|Any CPU.Build.0 = Release|Any CPU
		{E83A7BF8-C30E-4EEC-B1FC-488D77DEE5EE}.Debug|Any CPU.ActiveCfg = Debug|Any CPU
		{E83A7BF8-C30E-4EEC-B1FC-488D77DEE5EE}.Debug|Any CPU.Build.0 = Debug|Any CPU
		{E83A7BF8-C30E-4EEC-B1FC-488D77DEE5EE}.Release|Any CPU.ActiveCfg = Release|Any CPU
		{E83A7BF8-C30E-4EEC-B1FC-488D77DEE5EE}.Release|Any CPU.Build.0 = Release|Any CPU
		{B5622C43-5AA8-4E07-8A18-966CE28710B3}.Debug|Any CPU.ActiveCfg = Debug|Any CPU
		{B5622C43-5AA8-4E07-8A18-966CE28710B3}.Debug|Any CPU.Build.0 = Debug|Any CPU
		{B5622C43-5AA8-4E07-8A18-966CE28710B3}.Release|Any CPU.ActiveCfg = Release|Any CPU
		{B5622C43-5AA8-4E07-8A18-966CE28710B3}.Release|Any CPU.Build.0 = Release|Any CPU
		{8F5DD3AB-F4B3-4ACA-99E7-299BE2E34563}.Debug|Any CPU.ActiveCfg = Debug|Any CPU
		{8F5DD3AB-F4B3-4ACA-99E7-299BE2E34563}.Debug|Any CPU.Build.0 = Debug|Any CPU
		{8F5DD3AB-F4B3-4ACA-99E7-299BE2E34563}.Release|Any CPU.ActiveCfg = Release|Any CPU
		{8F5DD3AB-F4B3-4ACA-99E7-299BE2E34563}.Release|Any CPU.Build.0 = Release|Any CPU
		{FEB05ACB-D01D-4385-9BF6-F11174FF5236}.Debug|Any CPU.ActiveCfg = Debug|Any CPU
		{FEB05ACB-D01D-4385-9BF6-F11174FF5236}.Debug|Any CPU.Build.0 = Debug|Any CPU
		{FEB05ACB-D01D-4385-9BF6-F11174FF5236}.Release|Any CPU.ActiveCfg = Release|Any CPU
		{FEB05ACB-D01D-4385-9BF6-F11174FF5236}.Release|Any CPU.Build.0 = Release|Any CPU
		{ED4FE1CB-EB34-416F-996D-F33104DE0C4E}.Debug|Any CPU.ActiveCfg = Debug|Any CPU
		{ED4FE1CB-EB34-416F-996D-F33104DE0C4E}.Debug|Any CPU.Build.0 = Debug|Any CPU
		{ED4FE1CB-EB34-416F-996D-F33104DE0C4E}.Release|Any CPU.ActiveCfg = Release|Any CPU
		{ED4FE1CB-EB34-416F-996D-F33104DE0C4E}.Release|Any CPU.Build.0 = Release|Any CPU
		{667CCCBF-5C1A-4E57-91B3-6054021EF006}.Debug|Any CPU.ActiveCfg = Debug|Any CPU
		{667CCCBF-5C1A-4E57-91B3-6054021EF006}.Debug|Any CPU.Build.0 = Debug|Any CPU
		{667CCCBF-5C1A-4E57-91B3-6054021EF006}.Release|Any CPU.ActiveCfg = Release|Any CPU
		{667CCCBF-5C1A-4E57-91B3-6054021EF006}.Release|Any CPU.Build.0 = Release|Any CPU
		{EDA254A0-D913-4011-85AE-7DAC3362DF75}.Debug|Any CPU.ActiveCfg = Debug|Any CPU
		{EDA254A0-D913-4011-85AE-7DAC3362DF75}.Debug|Any CPU.Build.0 = Debug|Any CPU
		{EDA254A0-D913-4011-85AE-7DAC3362DF75}.Release|Any CPU.ActiveCfg = Release|Any CPU
		{EDA254A0-D913-4011-85AE-7DAC3362DF75}.Release|Any CPU.Build.0 = Release|Any CPU
		{6D070F74-4A6A-4B50-9DF3-85C22C2A97B2}.Debug|Any CPU.ActiveCfg = Debug|Any CPU
		{6D070F74-4A6A-4B50-9DF3-85C22C2A97B2}.Debug|Any CPU.Build.0 = Debug|Any CPU
		{6D070F74-4A6A-4B50-9DF3-85C22C2A97B2}.Release|Any CPU.ActiveCfg = Release|Any CPU
		{6D070F74-4A6A-4B50-9DF3-85C22C2A97B2}.Release|Any CPU.Build.0 = Release|Any CPU
		{2A2D4CBD-51F5-4957-8110-71A5E5E7A788}.Debug|Any CPU.ActiveCfg = Debug|Any CPU
		{2A2D4CBD-51F5-4957-8110-71A5E5E7A788}.Debug|Any CPU.Build.0 = Debug|Any CPU
		{2A2D4CBD-51F5-4957-8110-71A5E5E7A788}.Release|Any CPU.ActiveCfg = Release|Any CPU
		{2A2D4CBD-51F5-4957-8110-71A5E5E7A788}.Release|Any CPU.Build.0 = Release|Any CPU
		{9172636D-3B4B-4D7E-B22D-90890DC42CC7}.Debug|Any CPU.ActiveCfg = Debug|Any CPU
		{9172636D-3B4B-4D7E-B22D-90890DC42CC7}.Debug|Any CPU.Build.0 = Debug|Any CPU
		{9172636D-3B4B-4D7E-B22D-90890DC42CC7}.Release|Any CPU.ActiveCfg = Release|Any CPU
		{9172636D-3B4B-4D7E-B22D-90890DC42CC7}.Release|Any CPU.Build.0 = Release|Any CPU
		{43382D03-81F0-45ED-8DF2-5C5D9DB68BF2}.Debug|Any CPU.ActiveCfg = Debug|Any CPU
		{43382D03-81F0-45ED-8DF2-5C5D9DB68BF2}.Debug|Any CPU.Build.0 = Debug|Any CPU
		{43382D03-81F0-45ED-8DF2-5C5D9DB68BF2}.Release|Any CPU.ActiveCfg = Release|Any CPU
		{43382D03-81F0-45ED-8DF2-5C5D9DB68BF2}.Release|Any CPU.Build.0 = Release|Any CPU
		{3D42939E-27BE-4D8F-A3C4-701B8A6462E2}.Debug|Any CPU.ActiveCfg = Debug|Any CPU
		{3D42939E-27BE-4D8F-A3C4-701B8A6462E2}.Debug|Any CPU.Build.0 = Debug|Any CPU
		{3D42939E-27BE-4D8F-A3C4-701B8A6462E2}.Release|Any CPU.ActiveCfg = Release|Any CPU
		{3D42939E-27BE-4D8F-A3C4-701B8A6462E2}.Release|Any CPU.Build.0 = Release|Any CPU
		{3A2E6F96-409B-4DC5-BA54-D2F94DA33EA5}.Debug|Any CPU.ActiveCfg = Debug|Any CPU
		{3A2E6F96-409B-4DC5-BA54-D2F94DA33EA5}.Debug|Any CPU.Build.0 = Debug|Any CPU
		{3A2E6F96-409B-4DC5-BA54-D2F94DA33EA5}.Release|Any CPU.ActiveCfg = Release|Any CPU
		{3A2E6F96-409B-4DC5-BA54-D2F94DA33EA5}.Release|Any CPU.Build.0 = Release|Any CPU
		{19C64EA6-8754-4D40-BEAC-31CDB8D70B6D}.Debug|Any CPU.ActiveCfg = Debug|Any CPU
		{19C64EA6-8754-4D40-BEAC-31CDB8D70B6D}.Debug|Any CPU.Build.0 = Debug|Any CPU
		{19C64EA6-8754-4D40-BEAC-31CDB8D70B6D}.Release|Any CPU.ActiveCfg = Release|Any CPU
		{19C64EA6-8754-4D40-BEAC-31CDB8D70B6D}.Release|Any CPU.Build.0 = Release|Any CPU
		{3D64F274-0701-42A3-927E-4318AEF060D7}.Debug|Any CPU.ActiveCfg = Debug|Any CPU
		{3D64F274-0701-42A3-927E-4318AEF060D7}.Debug|Any CPU.Build.0 = Debug|Any CPU
		{3D64F274-0701-42A3-927E-4318AEF060D7}.Release|Any CPU.ActiveCfg = Release|Any CPU
		{3D64F274-0701-42A3-927E-4318AEF060D7}.Release|Any CPU.Build.0 = Release|Any CPU
		{8EE4A97C-2CAF-43E7-9F77-3194F03045A6}.Debug|Any CPU.ActiveCfg = Debug|Any CPU
		{8EE4A97C-2CAF-43E7-9F77-3194F03045A6}.Debug|Any CPU.Build.0 = Debug|Any CPU
		{8EE4A97C-2CAF-43E7-9F77-3194F03045A6}.Release|Any CPU.ActiveCfg = Release|Any CPU
		{8EE4A97C-2CAF-43E7-9F77-3194F03045A6}.Release|Any CPU.Build.0 = Release|Any CPU
		{F11161ED-34DB-4DC4-849A-A0DE25B29B08}.Debug|Any CPU.ActiveCfg = Debug|Any CPU
		{F11161ED-34DB-4DC4-849A-A0DE25B29B08}.Debug|Any CPU.Build.0 = Debug|Any CPU
		{F11161ED-34DB-4DC4-849A-A0DE25B29B08}.Release|Any CPU.ActiveCfg = Release|Any CPU
		{F11161ED-34DB-4DC4-849A-A0DE25B29B08}.Release|Any CPU.Build.0 = Release|Any CPU
		{80EAA28F-35D0-4808-A75E-D4BA11610D64}.Debug|Any CPU.ActiveCfg = Debug|Any CPU
		{80EAA28F-35D0-4808-A75E-D4BA11610D64}.Debug|Any CPU.Build.0 = Debug|Any CPU
		{80EAA28F-35D0-4808-A75E-D4BA11610D64}.Release|Any CPU.ActiveCfg = Release|Any CPU
		{80EAA28F-35D0-4808-A75E-D4BA11610D64}.Release|Any CPU.Build.0 = Release|Any CPU
		{3826595F-8458-4968-B761-C41BCBA4C7FB}.Debug|Any CPU.ActiveCfg = Debug|Any CPU
		{3826595F-8458-4968-B761-C41BCBA4C7FB}.Debug|Any CPU.Build.0 = Debug|Any CPU
		{3826595F-8458-4968-B761-C41BCBA4C7FB}.Release|Any CPU.ActiveCfg = Release|Any CPU
		{3826595F-8458-4968-B761-C41BCBA4C7FB}.Release|Any CPU.Build.0 = Release|Any CPU
		{C9F63515-C581-4744-9451-A4C86A59C3E3}.Debug|Any CPU.ActiveCfg = Debug|Any CPU
		{C9F63515-C581-4744-9451-A4C86A59C3E3}.Debug|Any CPU.Build.0 = Debug|Any CPU
		{C9F63515-C581-4744-9451-A4C86A59C3E3}.Release|Any CPU.ActiveCfg = Release|Any CPU
		{C9F63515-C581-4744-9451-A4C86A59C3E3}.Release|Any CPU.Build.0 = Release|Any CPU
		{05564753-B67A-405E-BED1-D65A56B72657}.Debug|Any CPU.ActiveCfg = Debug|Any CPU
		{05564753-B67A-405E-BED1-D65A56B72657}.Debug|Any CPU.Build.0 = Debug|Any CPU
		{05564753-B67A-405E-BED1-D65A56B72657}.Release|Any CPU.ActiveCfg = Release|Any CPU
		{05564753-B67A-405E-BED1-D65A56B72657}.Release|Any CPU.Build.0 = Release|Any CPU
		{39BA6BDC-BB95-494B-87D9-8BD9338D0F6D}.Debug|Any CPU.ActiveCfg = Debug|Any CPU
		{39BA6BDC-BB95-494B-87D9-8BD9338D0F6D}.Debug|Any CPU.Build.0 = Debug|Any CPU
		{39BA6BDC-BB95-494B-87D9-8BD9338D0F6D}.Release|Any CPU.ActiveCfg = Release|Any CPU
		{39BA6BDC-BB95-494B-87D9-8BD9338D0F6D}.Release|Any CPU.Build.0 = Release|Any CPU
		{08577C4D-C068-4266-8DD9-AD417D28BDA0}.Debug|Any CPU.ActiveCfg = Debug|Any CPU
		{08577C4D-C068-4266-8DD9-AD417D28BDA0}.Debug|Any CPU.Build.0 = Debug|Any CPU
		{08577C4D-C068-4266-8DD9-AD417D28BDA0}.Release|Any CPU.ActiveCfg = Release|Any CPU
		{08577C4D-C068-4266-8DD9-AD417D28BDA0}.Release|Any CPU.Build.0 = Release|Any CPU
	EndGlobalSection
	GlobalSection(SolutionProperties) = preSolution
		HideSolutionNode = FALSE
	EndGlobalSection
	GlobalSection(ExtensibilityGlobals) = postSolution
		SolutionGuid = {7523C5B5-00A3-4AC5-AFD5-DBB4F372909D}
	EndGlobalSection
EndGlobal
