
Microsoft Visual Studio Solution File, Format Version 12.00
# Visual Studio Version 17
VisualStudioVersion = 17.9.34728.123
MinimumVisualStudioVersion = 10.0.40219.1
Project("{9A19103F-16F7-4668-BE54-9A1E7A4F7556}") = "01_Arrays_1", "01_Arrays_1\01_Arrays_1.csproj", "{7D47CC0C-A20C-41EF-B8A0-75A53187D444}"
EndProject
Project("{9A19103F-16F7-4668-BE54-9A1E7A4F7556}") = "02_Arrays_2", "02_Arrays_2\02_Arrays_2.csproj", "{C920AC21-1110-4867-A3C0-CFCFDE9099E2}"
EndProject
Project("{9A19103F-16F7-4668-BE54-9A1E7A4F7556}") = "03_Arrays_3", "03_Arrays_3\03_Arrays_3.csproj", "{4AB8B82B-2A24-4594-AFB7-44B79B7DF304}"
EndProject
Project("{9A19103F-16F7-4668-BE54-9A1E7A4F7556}") = "04_ClasseArray", "04_ClasseArray\04_ClasseArray.csproj", "{8AFBCACA-991C-4BFB-9714-98A34118DD9A}"
EndProject
Project("{9A19103F-16F7-4668-BE54-9A1E7A4F7556}") = "05_Arrays-Exercicio", "05_Arrays-Exercicio\05_Arrays-Exercicio.csproj", "{35E358C5-7CA5-4FAE-A643-786F643249D1}"
EndProject
Project("{9A19103F-16F7-4668-BE54-9A1E7A4F7556}") = "06_ModificadorParams", "06_ModificadorParams\06_ModificadorParams.csproj", "{50DC37D1-C0E1-4BA9-8C29-CEB81D48C9C5}"
EndProject
Project("{9A19103F-16F7-4668-BE54-9A1E7A4F7556}") = "07_ArraysMultiDimensionais_1", "07_ArraysMultiDimensionais_1\07_ArraysMultiDimensionais_1.csproj", "{A3BFB6D7-AF30-476D-A946-028205343842}"
EndProject
Project("{9A19103F-16F7-4668-BE54-9A1E7A4F7556}") = "08_ArraysMultiDemensionais_2", "08_ArraysMultiDemensionais_2\08_ArraysMultiDemensionais_2.csproj", "{8D873F30-DE4F-4B91-B858-1870103D7389}"
EndProject
Project("{9A19103F-16F7-4668-BE54-9A1E7A4F7556}") = "09_ArrayBidimensional-Exercicio", "09_ArrayBidimensional-Exercicio\09_ArrayBidimensional-Exercicio.csproj", "{8AF30A3F-51FB-49F5-BCF0-B5E58A47D665}"
EndProject
Project("{9A19103F-16F7-4668-BE54-9A1E7A4F7556}") = "10_ArrayList_1", "10_ArrayList_1\10_ArrayList_1.csproj", "{1D1C26DF-F2B3-4999-90C2-43CA23157E1A}"
EndProject
Project("{9A19103F-16F7-4668-BE54-9A1E7A4F7556}") = "11_ArrayList_2", "11_ArrayList_2\11_ArrayList_2.csproj", "{B06D658A-9965-44C6-BA05-C327E367AF25}"
EndProject
Project("{9A19103F-16F7-4668-BE54-9A1E7A4F7556}") = "12_ArrayList_3", "12_ArrayList_3\12_ArrayList_3.csproj", "{59D8E683-ACD5-4425-B63D-C70574A8250D}"
EndProject
Project("{9A19103F-16F7-4668-BE54-9A1E7A4F7556}") = "13_ArrayList_4", "13_ArrayList_4\13_ArrayList_4.csproj", "{CC27A506-BA69-4736-BA27-E0B9934FF27E}"
EndProject
Project("{9A19103F-16F7-4668-BE54-9A1E7A4F7556}") = "14_Colecao_List.T.", "14_Colecao_List.T\14_Colecao_List.T..csproj", "{6D6AE2CC-6AA9-4639-B56F-A033F8B263C1}"
EndProject
Project("{9A19103F-16F7-4668-BE54-9A1E7A4F7556}") = "15_Colecao_List.T.2", "15_Colecao_List.T.2\15_Colecao_List.T.2.csproj", "{B59F69AA-BDDC-4369-A029-A1DB337B89C9}"
EndProject
Project("{9A19103F-16F7-4668-BE54-9A1E7A4F7556}") = "16_ListEArrayList", "16_ListEArrayList\16_ListEArrayList.csproj", "{3407424E-EA55-4220-B656-FADBFAE2DFB6}"
EndProject
Project("{9A19103F-16F7-4668-BE54-9A1E7A4F7556}") = "17_List_MetodoFind", "17_List_MetodoFind\17_List_MetodoFind.csproj", "{FF19DD82-32B9-41C2-AF72-5FF1D3D0E7B1}"
EndProject
Project("{9A19103F-16F7-4668-BE54-9A1E7A4F7556}") = "18_MetodoFind_ExpressaoLambda", "18_MetodoFind_ExpressaoLambda\18_MetodoFind_ExpressaoLambda.csproj", "{4134F2A4-FF51-4EC0-BBF9-72C9261490DB}"
EndProject
Project("{9A19103F-16F7-4668-BE54-9A1E7A4F7556}") = "19_ListTxIEnumerable", "19_ListTxIEnumerable\19_ListTxIEnumerable.csproj", "{94DF693F-33A5-43E7-8BCB-EDE5C800B727}"
EndProject
Project("{9A19103F-16F7-4668-BE54-9A1E7A4F7556}") = "20_ExerciciosListT", "20_ExerciciosListT\20_ExerciciosListT.csproj", "{23DA39B3-28FE-45A3-A2FB-83AAA0702D46}"
EndProject
Project("{9A19103F-16F7-4668-BE54-9A1E7A4F7556}") = "21_Indexadores", "21_Indexadores\21_Indexadores.csproj", "{8D001D77-DF58-4802-BE23-23CCF14CDF13}"
EndProject
Project("{FAE04EC0-301F-11D3-BF4B-00C04F79EFBC}") = "22_ClasseRandom", "22_ClasseRandom\22_ClasseRandom.csproj", "{4086E086-27BF-4B13-A030-78E079123A3D}"
EndProject
Global
	GlobalSection(SolutionConfigurationPlatforms) = preSolution
		Debug|Any CPU = Debug|Any CPU
		Release|Any CPU = Release|Any CPU
	EndGlobalSection
	GlobalSection(ProjectConfigurationPlatforms) = postSolution
		{7D47CC0C-A20C-41EF-B8A0-75A53187D444}.Debug|Any CPU.ActiveCfg = Debug|Any CPU
		{7D47CC0C-A20C-41EF-B8A0-75A53187D444}.Debug|Any CPU.Build.0 = Debug|Any CPU
		{7D47CC0C-A20C-41EF-B8A0-75A53187D444}.Release|Any CPU.ActiveCfg = Release|Any CPU
		{7D47CC0C-A20C-41EF-B8A0-75A53187D444}.Release|Any CPU.Build.0 = Release|Any CPU
		{C920AC21-1110-4867-A3C0-CFCFDE9099E2}.Debug|Any CPU.ActiveCfg = Debug|Any CPU
		{C920AC21-1110-4867-A3C0-CFCFDE9099E2}.Debug|Any CPU.Build.0 = Debug|Any CPU
		{C920AC21-1110-4867-A3C0-CFCFDE9099E2}.Release|Any CPU.ActiveCfg = Release|Any CPU
		{C920AC21-1110-4867-A3C0-CFCFDE9099E2}.Release|Any CPU.Build.0 = Release|Any CPU
		{4AB8B82B-2A24-4594-AFB7-44B79B7DF304}.Debug|Any CPU.ActiveCfg = Debug|Any CPU
		{4AB8B82B-2A24-4594-AFB7-44B79B7DF304}.Debug|Any CPU.Build.0 = Debug|Any CPU
		{4AB8B82B-2A24-4594-AFB7-44B79B7DF304}.Release|Any CPU.ActiveCfg = Release|Any CPU
		{4AB8B82B-2A24-4594-AFB7-44B79B7DF304}.Release|Any CPU.Build.0 = Release|Any CPU
		{8AFBCACA-991C-4BFB-9714-98A34118DD9A}.Debug|Any CPU.ActiveCfg = Debug|Any CPU
		{8AFBCACA-991C-4BFB-9714-98A34118DD9A}.Debug|Any CPU.Build.0 = Debug|Any CPU
		{8AFBCACA-991C-4BFB-9714-98A34118DD9A}.Release|Any CPU.ActiveCfg = Release|Any CPU
		{8AFBCACA-991C-4BFB-9714-98A34118DD9A}.Release|Any CPU.Build.0 = Release|Any CPU
		{35E358C5-7CA5-4FAE-A643-786F643249D1}.Debug|Any CPU.ActiveCfg = Debug|Any CPU
		{35E358C5-7CA5-4FAE-A643-786F643249D1}.Debug|Any CPU.Build.0 = Debug|Any CPU
		{35E358C5-7CA5-4FAE-A643-786F643249D1}.Release|Any CPU.ActiveCfg = Release|Any CPU
		{35E358C5-7CA5-4FAE-A643-786F643249D1}.Release|Any CPU.Build.0 = Release|Any CPU
		{50DC37D1-C0E1-4BA9-8C29-CEB81D48C9C5}.Debug|Any CPU.ActiveCfg = Debug|Any CPU
		{50DC37D1-C0E1-4BA9-8C29-CEB81D48C9C5}.Debug|Any CPU.Build.0 = Debug|Any CPU
		{50DC37D1-C0E1-4BA9-8C29-CEB81D48C9C5}.Release|Any CPU.ActiveCfg = Release|Any CPU
		{50DC37D1-C0E1-4BA9-8C29-CEB81D48C9C5}.Release|Any CPU.Build.0 = Release|Any CPU
		{A3BFB6D7-AF30-476D-A946-028205343842}.Debug|Any CPU.ActiveCfg = Debug|Any CPU
		{A3BFB6D7-AF30-476D-A946-028205343842}.Debug|Any CPU.Build.0 = Debug|Any CPU
		{A3BFB6D7-AF30-476D-A946-028205343842}.Release|Any CPU.ActiveCfg = Release|Any CPU
		{A3BFB6D7-AF30-476D-A946-028205343842}.Release|Any CPU.Build.0 = Release|Any CPU
		{8D873F30-DE4F-4B91-B858-1870103D7389}.Debug|Any CPU.ActiveCfg = Debug|Any CPU
		{8D873F30-DE4F-4B91-B858-1870103D7389}.Debug|Any CPU.Build.0 = Debug|Any CPU
		{8D873F30-DE4F-4B91-B858-1870103D7389}.Release|Any CPU.ActiveCfg = Release|Any CPU
		{8D873F30-DE4F-4B91-B858-1870103D7389}.Release|Any CPU.Build.0 = Release|Any CPU
		{8AF30A3F-51FB-49F5-BCF0-B5E58A47D665}.Debug|Any CPU.ActiveCfg = Debug|Any CPU
		{8AF30A3F-51FB-49F5-BCF0-B5E58A47D665}.Debug|Any CPU.Build.0 = Debug|Any CPU
		{8AF30A3F-51FB-49F5-BCF0-B5E58A47D665}.Release|Any CPU.ActiveCfg = Release|Any CPU
		{8AF30A3F-51FB-49F5-BCF0-B5E58A47D665}.Release|Any CPU.Build.0 = Release|Any CPU
		{1D1C26DF-F2B3-4999-90C2-43CA23157E1A}.Debug|Any CPU.ActiveCfg = Debug|Any CPU
		{1D1C26DF-F2B3-4999-90C2-43CA23157E1A}.Debug|Any CPU.Build.0 = Debug|Any CPU
		{1D1C26DF-F2B3-4999-90C2-43CA23157E1A}.Release|Any CPU.ActiveCfg = Release|Any CPU
		{1D1C26DF-F2B3-4999-90C2-43CA23157E1A}.Release|Any CPU.Build.0 = Release|Any CPU
		{B06D658A-9965-44C6-BA05-C327E367AF25}.Debug|Any CPU.ActiveCfg = Debug|Any CPU
		{B06D658A-9965-44C6-BA05-C327E367AF25}.Debug|Any CPU.Build.0 = Debug|Any CPU
		{B06D658A-9965-44C6-BA05-C327E367AF25}.Release|Any CPU.ActiveCfg = Release|Any CPU
		{B06D658A-9965-44C6-BA05-C327E367AF25}.Release|Any CPU.Build.0 = Release|Any CPU
		{59D8E683-ACD5-4425-B63D-C70574A8250D}.Debug|Any CPU.ActiveCfg = Debug|Any CPU
		{59D8E683-ACD5-4425-B63D-C70574A8250D}.Debug|Any CPU.Build.0 = Debug|Any CPU
		{59D8E683-ACD5-4425-B63D-C70574A8250D}.Release|Any CPU.ActiveCfg = Release|Any CPU
		{59D8E683-ACD5-4425-B63D-C70574A8250D}.Release|Any CPU.Build.0 = Release|Any CPU
		{CC27A506-BA69-4736-BA27-E0B9934FF27E}.Debug|Any CPU.ActiveCfg = Debug|Any CPU
		{CC27A506-BA69-4736-BA27-E0B9934FF27E}.Debug|Any CPU.Build.0 = Debug|Any CPU
		{CC27A506-BA69-4736-BA27-E0B9934FF27E}.Release|Any CPU.ActiveCfg = Release|Any CPU
		{CC27A506-BA69-4736-BA27-E0B9934FF27E}.Release|Any CPU.Build.0 = Release|Any CPU
		{6D6AE2CC-6AA9-4639-B56F-A033F8B263C1}.Debug|Any CPU.ActiveCfg = Debug|Any CPU
		{6D6AE2CC-6AA9-4639-B56F-A033F8B263C1}.Debug|Any CPU.Build.0 = Debug|Any CPU
		{6D6AE2CC-6AA9-4639-B56F-A033F8B263C1}.Release|Any CPU.ActiveCfg = Release|Any CPU
		{6D6AE2CC-6AA9-4639-B56F-A033F8B263C1}.Release|Any CPU.Build.0 = Release|Any CPU
		{B59F69AA-BDDC-4369-A029-A1DB337B89C9}.Debug|Any CPU.ActiveCfg = Debug|Any CPU
		{B59F69AA-BDDC-4369-A029-A1DB337B89C9}.Debug|Any CPU.Build.0 = Debug|Any CPU
		{B59F69AA-BDDC-4369-A029-A1DB337B89C9}.Release|Any CPU.ActiveCfg = Release|Any CPU
		{B59F69AA-BDDC-4369-A029-A1DB337B89C9}.Release|Any CPU.Build.0 = Release|Any CPU
		{3407424E-EA55-4220-B656-FADBFAE2DFB6}.Debug|Any CPU.ActiveCfg = Debug|Any CPU
		{3407424E-EA55-4220-B656-FADBFAE2DFB6}.Debug|Any CPU.Build.0 = Debug|Any CPU
		{3407424E-EA55-4220-B656-FADBFAE2DFB6}.Release|Any CPU.ActiveCfg = Release|Any CPU
		{3407424E-EA55-4220-B656-FADBFAE2DFB6}.Release|Any CPU.Build.0 = Release|Any CPU
		{FF19DD82-32B9-41C2-AF72-5FF1D3D0E7B1}.Debug|Any CPU.ActiveCfg = Debug|Any CPU
		{FF19DD82-32B9-41C2-AF72-5FF1D3D0E7B1}.Debug|Any CPU.Build.0 = Debug|Any CPU
		{FF19DD82-32B9-41C2-AF72-5FF1D3D0E7B1}.Release|Any CPU.ActiveCfg = Release|Any CPU
		{FF19DD82-32B9-41C2-AF72-5FF1D3D0E7B1}.Release|Any CPU.Build.0 = Release|Any CPU
		{4134F2A4-FF51-4EC0-BBF9-72C9261490DB}.Debug|Any CPU.ActiveCfg = Debug|Any CPU
		{4134F2A4-FF51-4EC0-BBF9-72C9261490DB}.Debug|Any CPU.Build.0 = Debug|Any CPU
		{4134F2A4-FF51-4EC0-BBF9-72C9261490DB}.Release|Any CPU.ActiveCfg = Release|Any CPU
		{4134F2A4-FF51-4EC0-BBF9-72C9261490DB}.Release|Any CPU.Build.0 = Release|Any CPU
		{94DF693F-33A5-43E7-8BCB-EDE5C800B727}.Debug|Any CPU.ActiveCfg = Debug|Any CPU
		{94DF693F-33A5-43E7-8BCB-EDE5C800B727}.Debug|Any CPU.Build.0 = Debug|Any CPU
		{94DF693F-33A5-43E7-8BCB-EDE5C800B727}.Release|Any CPU.ActiveCfg = Release|Any CPU
		{94DF693F-33A5-43E7-8BCB-EDE5C800B727}.Release|Any CPU.Build.0 = Release|Any CPU
		{23DA39B3-28FE-45A3-A2FB-83AAA0702D46}.Debug|Any CPU.ActiveCfg = Debug|Any CPU
		{23DA39B3-28FE-45A3-A2FB-83AAA0702D46}.Debug|Any CPU.Build.0 = Debug|Any CPU
		{23DA39B3-28FE-45A3-A2FB-83AAA0702D46}.Release|Any CPU.ActiveCfg = Release|Any CPU
		{23DA39B3-28FE-45A3-A2FB-83AAA0702D46}.Release|Any CPU.Build.0 = Release|Any CPU
		{8D001D77-DF58-4802-BE23-23CCF14CDF13}.Debug|Any CPU.ActiveCfg = Debug|Any CPU
		{8D001D77-DF58-4802-BE23-23CCF14CDF13}.Debug|Any CPU.Build.0 = Debug|Any CPU
		{8D001D77-DF58-4802-BE23-23CCF14CDF13}.Release|Any CPU.ActiveCfg = Release|Any CPU
		{8D001D77-DF58-4802-BE23-23CCF14CDF13}.Release|Any CPU.Build.0 = Release|Any CPU
		{4086E086-27BF-4B13-A030-78E079123A3D}.Debug|Any CPU.ActiveCfg = Debug|Any CPU
		{4086E086-27BF-4B13-A030-78E079123A3D}.Debug|Any CPU.Build.0 = Debug|Any CPU
		{4086E086-27BF-4B13-A030-78E079123A3D}.Release|Any CPU.ActiveCfg = Release|Any CPU
		{4086E086-27BF-4B13-A030-78E079123A3D}.Release|Any CPU.Build.0 = Release|Any CPU
	EndGlobalSection
	GlobalSection(SolutionProperties) = preSolution
		HideSolutionNode = FALSE
	EndGlobalSection
	GlobalSection(ExtensibilityGlobals) = postSolution
		SolutionGuid = {FF9B7924-05B6-4BD8-A00D-3053197799EA}
	EndGlobalSection
EndGlobal
