
Microsoft Visual Studio Solution File, Format Version 12.00
# Visual Studio Version 17
VisualStudioVersion = 17.9.34728.123
MinimumVisualStudioVersion = 10.0.40219.1
Project("{9A19103F-16F7-4668-BE54-9A1E7A4F7556}") = "01_Arrays_1", "01_Arrays_1\01_Arrays_1.csproj", "{7D47CC0C-A20C-41EF-B8A0-75A53187D444}"
EndProject
Project("{9A19103F-16F7-4668-BE54-9A1E7A4F7556}") = "02_Arrays_2", "02_Arrays_2\02_Arrays_2.csproj", "{C920AC21-1110-4867-A3C0-CFCFDE9099E2}"
EndProject
Project("{9A19103F-16F7-4668-BE54-9A1E7A4F7556}") = "03_Arrays_3", "03_Arrays_3\03_Arrays_3.csproj", "{4AB8B82B-2A24-4594-AFB7-44B79B7DF304}"
EndProject
Project("{9A19103F-16F7-4668-BE54-9A1E7A4F7556}") = "04_ClasseArray", "04_ClasseArray\04_ClasseArray.csproj", "{8AFBCACA-991C-4BFB-9714-98A34118DD9A}"
EndProject
Project("{9A19103F-16F7-4668-BE54-9A1E7A4F7556}") = "05_Arrays-Exercicio", "05_Arrays-Exercicio\05_Arrays-Exercicio.csproj", "{35E358C5-7CA5-4FAE-A643-786F643249D1}"
EndProject
Project("{9A19103F-16F7-4668-BE54-9A1E7A4F7556}") = "06_ModificadorParams", "06_ModificadorParams\06_ModificadorParams.csproj", "{50DC37D1-C0E1-4BA9-8C29-CEB81D48C9C5}"
EndProject
Project("{9A19103F-16F7-4668-BE54-9A1E7A4F7556}") = "07_ArraysMultiDimensionais_1", "07_ArraysMultiDimensionais_1\07_ArraysMultiDimensionais_1.csproj", "{A3BFB6D7-AF30-476D-A946-028205343842}"
EndProject
Project("{FAE04EC0-301F-11D3-BF4B-00C04F79EFBC}") = "08_ArraysMultiDemensionais_2", "08_ArraysMultiDemensionais_2\08_ArraysMultiDemensionais_2.csproj", "{8D873F30-DE4F-4B91-B858-1870103D7389}"
EndProject
Project("{FAE04EC0-301F-11D3-BF4B-00C04F79EFBC}") = "09_ArrayBidimensional-Exercicio", "09_ArrayBidimensional-Exercicio\09_ArrayBidimensional-Exercicio.csproj", "{8AF30A3F-51FB-49F5-BCF0-B5E58A47D665}"
EndProject
Project("{FAE04EC0-301F-11D3-BF4B-00C04F79EFBC}") = "10_ArrayList_1", "10_ArrayList_1\10_ArrayList_1.csproj", "{1D1C26DF-F2B3-4999-90C2-43CA23157E1A}"
EndProject
Global
	GlobalSection(SolutionConfigurationPlatforms) = preSolution
		Debug|Any CPU = Debug|Any CPU
		Release|Any CPU = Release|Any CPU
	EndGlobalSection
	GlobalSection(ProjectConfigurationPlatforms) = postSolution
		{7D47CC0C-A20C-41EF-B8A0-75A53187D444}.Debug|Any CPU.ActiveCfg = Debug|Any CPU
		{7D47CC0C-A20C-41EF-B8A0-75A53187D444}.Debug|Any CPU.Build.0 = Debug|Any CPU
		{7D47CC0C-A20C-41EF-B8A0-75A53187D444}.Release|Any CPU.ActiveCfg = Release|Any CPU
		{7D47CC0C-A20C-41EF-B8A0-75A53187D444}.Release|Any CPU.Build.0 = Release|Any CPU
		{C920AC21-1110-4867-A3C0-CFCFDE9099E2}.Debug|Any CPU.ActiveCfg = Debug|Any CPU
		{C920AC21-1110-4867-A3C0-CFCFDE9099E2}.Debug|Any CPU.Build.0 = Debug|Any CPU
		{C920AC21-1110-4867-A3C0-CFCFDE9099E2}.Release|Any CPU.ActiveCfg = Release|Any CPU
		{C920AC21-1110-4867-A3C0-CFCFDE9099E2}.Release|Any CPU.Build.0 = Release|Any CPU
		{4AB8B82B-2A24-4594-AFB7-44B79B7DF304}.Debug|Any CPU.ActiveCfg = Debug|Any CPU
		{4AB8B82B-2A24-4594-AFB7-44B79B7DF304}.Debug|Any CPU.Build.0 = Debug|Any CPU
		{4AB8B82B-2A24-4594-AFB7-44B79B7DF304}.Release|Any CPU.ActiveCfg = Release|Any CPU
		{4AB8B82B-2A24-4594-AFB7-44B79B7DF304}.Release|Any CPU.Build.0 = Release|Any CPU
		{8AFBCACA-991C-4BFB-9714-98A34118DD9A}.Debug|Any CPU.ActiveCfg = Debug|Any CPU
		{8AFBCACA-991C-4BFB-9714-98A34118DD9A}.Debug|Any CPU.Build.0 = Debug|Any CPU
		{8AFBCACA-991C-4BFB-9714-98A34118DD9A}.Release|Any CPU.ActiveCfg = Release|Any CPU
		{8AFBCACA-991C-4BFB-9714-98A34118DD9A}.Release|Any CPU.Build.0 = Release|Any CPU
		{35E358C5-7CA5-4FAE-A643-786F643249D1}.Debug|Any CPU.ActiveCfg = Debug|Any CPU
		{35E358C5-7CA5-4FAE-A643-786F643249D1}.Debug|Any CPU.Build.0 = Debug|Any CPU
		{35E358C5-7CA5-4FAE-A643-786F643249D1}.Release|Any CPU.ActiveCfg = Release|Any CPU
		{35E358C5-7CA5-4FAE-A643-786F643249D1}.Release|Any CPU.Build.0 = Release|Any CPU
		{50DC37D1-C0E1-4BA9-8C29-CEB81D48C9C5}.Debug|Any CPU.ActiveCfg = Debug|Any CPU
		{50DC37D1-C0E1-4BA9-8C29-CEB81D48C9C5}.Debug|Any CPU.Build.0 = Debug|Any CPU
		{50DC37D1-C0E1-4BA9-8C29-CEB81D48C9C5}.Release|Any CPU.ActiveCfg = Release|Any CPU
		{50DC37D1-C0E1-4BA9-8C29-CEB81D48C9C5}.Release|Any CPU.Build.0 = Release|Any CPU
		{A3BFB6D7-AF30-476D-A946-028205343842}.Debug|Any CPU.ActiveCfg = Debug|Any CPU
		{A3BFB6D7-AF30-476D-A946-028205343842}.Debug|Any CPU.Build.0 = Debug|Any CPU
		{A3BFB6D7-AF30-476D-A946-028205343842}.Release|Any CPU.ActiveCfg = Release|Any CPU
		{A3BFB6D7-AF30-476D-A946-028205343842}.Release|Any CPU.Build.0 = Release|Any CPU
		{8D873F30-DE4F-4B91-B858-1870103D7389}.Debug|Any CPU.ActiveCfg = Debug|Any CPU
		{8D873F30-DE4F-4B91-B858-1870103D7389}.Debug|Any CPU.Build.0 = Debug|Any CPU
		{8D873F30-DE4F-4B91-B858-1870103D7389}.Release|Any CPU.ActiveCfg = Release|Any CPU
		{8D873F30-DE4F-4B91-B858-1870103D7389}.Release|Any CPU.Build.0 = Release|Any CPU
		{8AF30A3F-51FB-49F5-BCF0-B5E58A47D665}.Debug|Any CPU.ActiveCfg = Debug|Any CPU
		{8AF30A3F-51FB-49F5-BCF0-B5E58A47D665}.Debug|Any CPU.Build.0 = Debug|Any CPU
		{8AF30A3F-51FB-49F5-BCF0-B5E58A47D665}.Release|Any CPU.ActiveCfg = Release|Any CPU
		{8AF30A3F-51FB-49F5-BCF0-B5E58A47D665}.Release|Any CPU.Build.0 = Release|Any CPU
		{1D1C26DF-F2B3-4999-90C2-43CA23157E1A}.Debug|Any CPU.ActiveCfg = Debug|Any CPU
		{1D1C26DF-F2B3-4999-90C2-43CA23157E1A}.Debug|Any CPU.Build.0 = Debug|Any CPU
		{1D1C26DF-F2B3-4999-90C2-43CA23157E1A}.Release|Any CPU.ActiveCfg = Release|Any CPU
		{1D1C26DF-F2B3-4999-90C2-43CA23157E1A}.Release|Any CPU.Build.0 = Release|Any CPU
	EndGlobalSection
	GlobalSection(SolutionProperties) = preSolution
		HideSolutionNode = FALSE
	EndGlobalSection
	GlobalSection(ExtensibilityGlobals) = postSolution
		SolutionGuid = {FF9B7924-05B6-4BD8-A00D-3053197799EA}
	EndGlobalSection
EndGlobal
