
Microsoft Visual Studio Solution File, Format Version 12.00
# Visual Studio Version 17
VisualStudioVersion = 17.7.34031.279
MinimumVisualStudioVersion = 10.0.40219.1
Project("{9A19103F-16F7-4668-BE54-9A1E7A4F7556}") = "Exercicio_01", "Exercicio_01\Exercicio_01.csproj", "{A264F083-3540-4468-815F-060C9E84548C}"
EndProject
Project("{9A19103F-16F7-4668-BE54-9A1E7A4F7556}") = "Exercicio_02", "Exercicio_02\Exercicio_02.csproj", "{76F2DF85-9AD0-4F1D-95C2-3DAE74F1F94C}"
EndProject
Project("{9A19103F-16F7-4668-BE54-9A1E7A4F7556}") = "Exercicio_03", "Exercicio_03\Exercicio_03.csproj", "{8A458732-3630-4D39-9D48-6D099A36B155}"
EndProject
Project("{9A19103F-16F7-4668-BE54-9A1E7A4F7556}") = "Exercicio_04", "Exercicio_04\Exercicio_04.csproj", "{DC3DB881-3F8B-4F96-9A09-982BA8780612}"
EndProject
Project("{9A19103F-16F7-4668-BE54-9A1E7A4F7556}") = "Exercicio_05", "Exercicio_05\Exercicio_05.csproj", "{7F5A679C-EEA3-463A-B003-D68B57D190F1}"
EndProject
Project("{FAE04EC0-301F-11D3-BF4B-00C04F79EFBC}") = "Exercicio_06", "Exercicio_06\Exercicio_06.csproj", "{A5FF2134-600E-4A8B-933F-D439631D13B0}"
EndProject
Global
	GlobalSection(SolutionConfigurationPlatforms) = preSolution
		Debug|Any CPU = Debug|Any CPU
		Release|Any CPU = Release|Any CPU
	EndGlobalSection
	GlobalSection(ProjectConfigurationPlatforms) = postSolution
		{A264F083-3540-4468-815F-060C9E84548C}.Debug|Any CPU.ActiveCfg = Debug|Any CPU
		{A264F083-3540-4468-815F-060C9E84548C}.Debug|Any CPU.Build.0 = Debug|Any CPU
		{A264F083-3540-4468-815F-060C9E84548C}.Release|Any CPU.ActiveCfg = Release|Any CPU
		{A264F083-3540-4468-815F-060C9E84548C}.Release|Any CPU.Build.0 = Release|Any CPU
		{76F2DF85-9AD0-4F1D-95C2-3DAE74F1F94C}.Debug|Any CPU.ActiveCfg = Debug|Any CPU
		{76F2DF85-9AD0-4F1D-95C2-3DAE74F1F94C}.Debug|Any CPU.Build.0 = Debug|Any CPU
		{76F2DF85-9AD0-4F1D-95C2-3DAE74F1F94C}.Release|Any CPU.ActiveCfg = Release|Any CPU
		{76F2DF85-9AD0-4F1D-95C2-3DAE74F1F94C}.Release|Any CPU.Build.0 = Release|Any CPU
		{8A458732-3630-4D39-9D48-6D099A36B155}.Debug|Any CPU.ActiveCfg = Debug|Any CPU
		{8A458732-3630-4D39-9D48-6D099A36B155}.Debug|Any CPU.Build.0 = Debug|Any CPU
		{8A458732-3630-4D39-9D48-6D099A36B155}.Release|Any CPU.ActiveCfg = Release|Any CPU
		{8A458732-3630-4D39-9D48-6D099A36B155}.Release|Any CPU.Build.0 = Release|Any CPU
		{DC3DB881-3F8B-4F96-9A09-982BA8780612}.Debug|Any CPU.ActiveCfg = Debug|Any CPU
		{DC3DB881-3F8B-4F96-9A09-982BA8780612}.Debug|Any CPU.Build.0 = Debug|Any CPU
		{DC3DB881-3F8B-4F96-9A09-982BA8780612}.Release|Any CPU.ActiveCfg = Release|Any CPU
		{DC3DB881-3F8B-4F96-9A09-982BA8780612}.Release|Any CPU.Build.0 = Release|Any CPU
		{7F5A679C-EEA3-463A-B003-D68B57D190F1}.Debug|Any CPU.ActiveCfg = Debug|Any CPU
		{7F5A679C-EEA3-463A-B003-D68B57D190F1}.Debug|Any CPU.Build.0 = Debug|Any CPU
		{7F5A679C-EEA3-463A-B003-D68B57D190F1}.Release|Any CPU.ActiveCfg = Release|Any CPU
		{7F5A679C-EEA3-463A-B003-D68B57D190F1}.Release|Any CPU.Build.0 = Release|Any CPU
		{A5FF2134-600E-4A8B-933F-D439631D13B0}.Debug|Any CPU.ActiveCfg = Debug|Any CPU
		{A5FF2134-600E-4A8B-933F-D439631D13B0}.Debug|Any CPU.Build.0 = Debug|Any CPU
		{A5FF2134-600E-4A8B-933F-D439631D13B0}.Release|Any CPU.ActiveCfg = Release|Any CPU
		{A5FF2134-600E-4A8B-933F-D439631D13B0}.Release|Any CPU.Build.0 = Release|Any CPU
	EndGlobalSection
	GlobalSection(SolutionProperties) = preSolution
		HideSolutionNode = FALSE
	EndGlobalSection
	GlobalSection(ExtensibilityGlobals) = postSolution
		SolutionGuid = {4DE215CC-1795-4716-82E4-5FDFA23E52EB}
	EndGlobalSection
EndGlobal
