
Microsoft Visual Studio Solution File, Format Version 12.00
# Visual Studio Version 17
VisualStudioVersion = 17.6.33815.320
MinimumVisualStudioVersion = 10.0.40219.1
Project("{FAE04EC0-301F-11D3-BF4B-00C04F79EFBC}") = "MeuProjeto", "MeuProjeto\MeuProjeto.csproj", "{2E3E56DD-AEA7-4399-A5ED-B36F01570F61}"
EndProject
Project("{FAE04EC0-301F-11D3-BF4B-00C04F79EFBC}") = "MeuProjeto2", "MeuProjeto2\MeuProjeto2.csproj", "{C5665692-2704-4CC4-BDCF-8D89EC4543B7}"
EndProject
Global
	GlobalSection(SolutionConfigurationPlatforms) = preSolution
		Debug|Any CPU = Debug|Any CPU
		Release|Any CPU = Release|Any CPU
	EndGlobalSection
	GlobalSection(ProjectConfigurationPlatforms) = postSolution
		{2E3E56DD-AEA7-4399-A5ED-B36F01570F61}.Debug|Any CPU.ActiveCfg = Debug|Any CPU
		{2E3E56DD-AEA7-4399-A5ED-B36F01570F61}.Debug|Any CPU.Build.0 = Debug|Any CPU
		{2E3E56DD-AEA7-4399-A5ED-B36F01570F61}.Release|Any CPU.ActiveCfg = Release|Any CPU
		{2E3E56DD-AEA7-4399-A5ED-B36F01570F61}.Release|Any CPU.Build.0 = Release|Any CPU
		{C5665692-2704-4CC4-BDCF-8D89EC4543B7}.Debug|Any CPU.ActiveCfg = Debug|Any CPU
		{C5665692-2704-4CC4-BDCF-8D89EC4543B7}.Debug|Any CPU.Build.0 = Debug|Any CPU
		{C5665692-2704-4CC4-BDCF-8D89EC4543B7}.Release|Any CPU.ActiveCfg = Release|Any CPU
		{C5665692-2704-4CC4-BDCF-8D89EC4543B7}.Release|Any CPU.Build.0 = Release|Any CPU
	EndGlobalSection
	GlobalSection(SolutionProperties) = preSolution
		HideSolutionNode = FALSE
	EndGlobalSection
	GlobalSection(ExtensibilityGlobals) = postSolution
		SolutionGuid = {CA8F6072-8CF7-498D-8940-2FD4D55F1490}
	EndGlobalSection
EndGlobal
