
Microsoft Visual Studio Solution File, Format Version 12.00
# Visual Studio Version 17
VisualStudioVersion = 17.11.35312.102
MinimumVisualStudioVersion = 10.0.40219.1
Project("{9A19103F-16F7-4668-BE54-9A1E7A4F7556}") = "01_PilaresPOO", "01_PilaresPOO\01_PilaresPOO.csproj", "{32A550DC-FB41-4F9D-9C01-C861BF1FF314}"
EndProject
Project("{9A19103F-16F7-4668-BE54-9A1E7A4F7556}") = "02_HerancaConceitoSintaxe", "02_HerancaConceitoSintaxe\02_HerancaConceitoSintaxe.csproj", "{0719FBCC-D527-4070-BB30-20D2B4B9E170}"
EndProject
Project("{9A19103F-16F7-4668-BE54-9A1E7A4F7556}") = "03_HerancaComportamentos", "03_HerancaComportamentos\03_HerancaComportamentos.csproj", "{8AAF4C4A-9205-4E06-8C04-B0E91AF87896}"
EndProject
Project("{9A19103F-16F7-4668-BE54-9A1E7A4F7556}") = "04_HerancasContrutores", "04_HerancasContrutores\04_HerancasContrutores.csproj", "{AAAB5723-ABB4-4026-9412-16FF05981A8B}"
EndProject
Project("{9A19103F-16F7-4668-BE54-9A1E7A4F7556}") = "05_HerancaeObject", "05_HerancaeObject\05_HerancaeObject.csproj", "{FAD4C7AF-DABE-4CF4-B21B-820509200AB6}"
EndProject
Project("{FAE04EC0-301F-11D3-BF4B-00C04F79EFBC}") = "06_HerancaeNew", "06_HerancaeNew\06_HerancaeNew.csproj", "{CCBF6C38-006C-4FF6-919C-FA4DF4023E26}"
EndProject
Global
	GlobalSection(SolutionConfigurationPlatforms) = preSolution
		Debug|Any CPU = Debug|Any CPU
		Release|Any CPU = Release|Any CPU
	EndGlobalSection
	GlobalSection(ProjectConfigurationPlatforms) = postSolution
		{32A550DC-FB41-4F9D-9C01-C861BF1FF314}.Debug|Any CPU.ActiveCfg = Debug|Any CPU
		{32A550DC-FB41-4F9D-9C01-C861BF1FF314}.Debug|Any CPU.Build.0 = Debug|Any CPU
		{32A550DC-FB41-4F9D-9C01-C861BF1FF314}.Release|Any CPU.ActiveCfg = Release|Any CPU
		{32A550DC-FB41-4F9D-9C01-C861BF1FF314}.Release|Any CPU.Build.0 = Release|Any CPU
		{0719FBCC-D527-4070-BB30-20D2B4B9E170}.Debug|Any CPU.ActiveCfg = Debug|Any CPU
		{0719FBCC-D527-4070-BB30-20D2B4B9E170}.Debug|Any CPU.Build.0 = Debug|Any CPU
		{0719FBCC-D527-4070-BB30-20D2B4B9E170}.Release|Any CPU.ActiveCfg = Release|Any CPU
		{0719FBCC-D527-4070-BB30-20D2B4B9E170}.Release|Any CPU.Build.0 = Release|Any CPU
		{8AAF4C4A-9205-4E06-8C04-B0E91AF87896}.Debug|Any CPU.ActiveCfg = Debug|Any CPU
		{8AAF4C4A-9205-4E06-8C04-B0E91AF87896}.Debug|Any CPU.Build.0 = Debug|Any CPU
		{8AAF4C4A-9205-4E06-8C04-B0E91AF87896}.Release|Any CPU.ActiveCfg = Release|Any CPU
		{8AAF4C4A-9205-4E06-8C04-B0E91AF87896}.Release|Any CPU.Build.0 = Release|Any CPU
		{AAAB5723-ABB4-4026-9412-16FF05981A8B}.Debug|Any CPU.ActiveCfg = Debug|Any CPU
		{AAAB5723-ABB4-4026-9412-16FF05981A8B}.Debug|Any CPU.Build.0 = Debug|Any CPU
		{AAAB5723-ABB4-4026-9412-16FF05981A8B}.Release|Any CPU.ActiveCfg = Release|Any CPU
		{AAAB5723-ABB4-4026-9412-16FF05981A8B}.Release|Any CPU.Build.0 = Release|Any CPU
		{FAD4C7AF-DABE-4CF4-B21B-820509200AB6}.Debug|Any CPU.ActiveCfg = Debug|Any CPU
		{FAD4C7AF-DABE-4CF4-B21B-820509200AB6}.Debug|Any CPU.Build.0 = Debug|Any CPU
		{FAD4C7AF-DABE-4CF4-B21B-820509200AB6}.Release|Any CPU.ActiveCfg = Release|Any CPU
		{FAD4C7AF-DABE-4CF4-B21B-820509200AB6}.Release|Any CPU.Build.0 = Release|Any CPU
		{CCBF6C38-006C-4FF6-919C-FA4DF4023E26}.Debug|Any CPU.ActiveCfg = Debug|Any CPU
		{CCBF6C38-006C-4FF6-919C-FA4DF4023E26}.Debug|Any CPU.Build.0 = Debug|Any CPU
		{CCBF6C38-006C-4FF6-919C-FA4DF4023E26}.Release|Any CPU.ActiveCfg = Release|Any CPU
		{CCBF6C38-006C-4FF6-919C-FA4DF4023E26}.Release|Any CPU.Build.0 = Release|Any CPU
	EndGlobalSection
	GlobalSection(SolutionProperties) = preSolution
		HideSolutionNode = FALSE
	EndGlobalSection
	GlobalSection(ExtensibilityGlobals) = postSolution
		SolutionGuid = {1CBD0560-06FD-4A2C-8E00-942BE4F42FD3}
	EndGlobalSection
EndGlobal
