
Microsoft Visual Studio Solution File, Format Version 12.00
# Visual Studio Version 17
VisualStudioVersion = 17.9.34902.65
MinimumVisualStudioVersion = 10.0.40219.1
Project("{FAE04EC0-301F-11D3-BF4B-00C04F79EFBC}") = "01_Conceitos", "01_Conceitos\01_Conceitos.csproj", "{7AD4F4E3-8D2E-48D2-992D-806FEBC494A5}"
EndProject
Global
	GlobalSection(SolutionConfigurationPlatforms) = preSolution
		Debug|Any CPU = Debug|Any CPU
		Release|Any CPU = Release|Any CPU
	EndGlobalSection
	GlobalSection(ProjectConfigurationPlatforms) = postSolution
		{7AD4F4E3-8D2E-48D2-992D-806FEBC494A5}.Debug|Any CPU.ActiveCfg = Debug|Any CPU
		{7AD4F4E3-8D2E-48D2-992D-806FEBC494A5}.Debug|Any CPU.Build.0 = Debug|Any CPU
		{7AD4F4E3-8D2E-48D2-992D-806FEBC494A5}.Release|Any CPU.ActiveCfg = Release|Any CPU
		{7AD4F4E3-8D2E-48D2-992D-806FEBC494A5}.Release|Any CPU.Build.0 = Release|Any CPU
	EndGlobalSection
	GlobalSection(SolutionProperties) = preSolution
		HideSolutionNode = FALSE
	EndGlobalSection
	GlobalSection(ExtensibilityGlobals) = postSolution
		SolutionGuid = {22A9FA77-5CCF-430B-A711-07E2B1159B1C}
	EndGlobalSection
EndGlobal
